
Microsoft Visual Studio Solution File, Format Version 12.00
# Visual Studio Version 17
VisualStudioVersion = 17.7.34018.315
MinimumVisualStudioVersion = 10.0.40219.1
Project("{FAE04EC0-301F-11D3-BF4B-00C04F79EFBC}") = "Chess.Player.MAUI", "Chess.Player.MAUI\Chess.Player.MAUI.csproj", "{8AA5F0A8-6AF9-46B8-8087-8214D2F51F1E}"
EndProject
Project("{9A19103F-16F7-4668-BE54-9A1E7A4F7556}") = "Chess.Player.Console", "Chess.Player.Console\Chess.Player.Console.csproj", "{24735387-9A80-4AC1-9CF1-F9662F3FFE1E}"
EndProject
Global
	GlobalSection(SolutionConfigurationPlatforms) = preSolution
		Debug|Any CPU = Debug|Any CPU
		Release|Any CPU = Release|Any CPU
	EndGlobalSection
	GlobalSection(ProjectConfigurationPlatforms) = postSolution
		{8AA5F0A8-6AF9-46B8-8087-8214D2F51F1E}.Debug|Any CPU.ActiveCfg = Debug|Any CPU
		{8AA5F0A8-6AF9-46B8-8087-8214D2F51F1E}.Debug|Any CPU.Build.0 = Debug|Any CPU
		{8AA5F0A8-6AF9-46B8-8087-8214D2F51F1E}.Debug|Any CPU.Deploy.0 = Debug|Any CPU
		{8AA5F0A8-6AF9-46B8-8087-8214D2F51F1E}.Release|Any CPU.ActiveCfg = Release|Any CPU
		{8AA5F0A8-6AF9-46B8-8087-8214D2F51F1E}.Release|Any CPU.Build.0 = Release|Any CPU
		{8AA5F0A8-6AF9-46B8-8087-8214D2F51F1E}.Release|Any CPU.Deploy.0 = Release|Any CPU
		{24735387-9A80-4AC1-9CF1-F9662F3FFE1E}.Debug|Any CPU.ActiveCfg = Debug|Any CPU
		{24735387-9A80-4AC1-9CF1-F9662F3FFE1E}.Debug|Any CPU.Build.0 = Debug|Any CPU
		{24735387-9A80-4AC1-9CF1-F9662F3FFE1E}.Release|Any CPU.ActiveCfg = Release|Any CPU
		{24735387-9A80-4AC1-9CF1-F9662F3FFE1E}.Release|Any CPU.Build.0 = Release|Any CPU
	EndGlobalSection
	GlobalSection(SolutionProperties) = preSolution
		HideSolutionNode = FALSE
	EndGlobalSection
	GlobalSection(ExtensibilityGlobals) = postSolution
		SolutionGuid = {80CB6A3F-7E9B-4D05-B5BD-EB9040A89C84}
	EndGlobalSection
EndGlobal
